
Microsoft Visual Studio Solution File, Format Version 12.00
# Visual Studio Version 16
VisualStudioVersion = 16.0.30804.86
MinimumVisualStudioVersion = 10.0.40219.1
Project("{8BC9CEB8-8B4A-11D0-8D11-00A0C91BC942}") = "search-insert-position", "search-insert-position\search-insert-position.vcxproj", "{AA104551-4BDD-4ABF-B63A-AF2810F672FC}"
EndProject
Global
	GlobalSection(SolutionConfigurationPlatforms) = preSolution
		Debug|x64 = Debug|x64
		Debug|x86 = Debug|x86
		Release|x64 = Release|x64
		Release|x86 = Release|x86
	EndGlobalSection
	GlobalSection(ProjectConfigurationPlatforms) = postSolution
		{AA104551-4BDD-4ABF-B63A-AF2810F672FC}.Debug|x64.ActiveCfg = Debug|x64
		{AA104551-4BDD-4ABF-B63A-AF2810F672FC}.Debug|x64.Build.0 = Debug|x64
		{AA104551-4BDD-4ABF-B63A-AF2810F672FC}.Debug|x86.ActiveCfg = Debug|Win32
		{AA104551-4BDD-4ABF-B63A-AF2810F672FC}.Debug|x86.Build.0 = Debug|Win32
		{AA104551-4BDD-4ABF-B63A-AF2810F672FC}.Release|x64.ActiveCfg = Release|x64
		{AA104551-4BDD-4ABF-B63A-AF2810F672FC}.Release|x64.Build.0 = Release|x64
		{AA104551-4BDD-4ABF-B63A-AF2810F672FC}.Release|x86.ActiveCfg = Release|Win32
		{AA104551-4BDD-4ABF-B63A-AF2810F672FC}.Release|x86.Build.0 = Release|Win32
	EndGlobalSection
	GlobalSection(SolutionProperties) = preSolution
		HideSolutionNode = FALSE
	EndGlobalSection
	GlobalSection(ExtensibilityGlobals) = postSolution
		SolutionGuid = {1F2C4093-5823-4A74-97C2-2BA1C739AF3E}
	EndGlobalSection
EndGlobal
