
Microsoft Visual Studio Solution File, Format Version 12.00
# Visual Studio Version 16
VisualStudioVersion = 16.0.30804.86
MinimumVisualStudioVersion = 10.0.40219.1
Project("{8BC9CEB8-8B4A-11D0-8D11-00A0C91BC942}") = "find-first-and-last-position-of-element", "find-first-and-last-position-of-element\find-first-and-last-position-of-element.vcxproj", "{5C2C0644-1532-4224-9106-F8986214DC34}"
EndProject
Global
	GlobalSection(SolutionConfigurationPlatforms) = preSolution
		Debug|x64 = Debug|x64
		Debug|x86 = Debug|x86
		Release|x64 = Release|x64
		Release|x86 = Release|x86
	EndGlobalSection
	GlobalSection(ProjectConfigurationPlatforms) = postSolution
		{5C2C0644-1532-4224-9106-F8986214DC34}.Debug|x64.ActiveCfg = Debug|x64
		{5C2C0644-1532-4224-9106-F8986214DC34}.Debug|x64.Build.0 = Debug|x64
		{5C2C0644-1532-4224-9106-F8986214DC34}.Debug|x86.ActiveCfg = Debug|Win32
		{5C2C0644-1532-4224-9106-F8986214DC34}.Debug|x86.Build.0 = Debug|Win32
		{5C2C0644-1532-4224-9106-F8986214DC34}.Release|x64.ActiveCfg = Release|x64
		{5C2C0644-1532-4224-9106-F8986214DC34}.Release|x64.Build.0 = Release|x64
		{5C2C0644-1532-4224-9106-F8986214DC34}.Release|x86.ActiveCfg = Release|Win32
		{5C2C0644-1532-4224-9106-F8986214DC34}.Release|x86.Build.0 = Release|Win32
	EndGlobalSection
	GlobalSection(SolutionProperties) = preSolution
		HideSolutionNode = FALSE
	EndGlobalSection
	GlobalSection(ExtensibilityGlobals) = postSolution
		SolutionGuid = {6B6567BE-B750-4113-831A-9071D6C5A807}
	EndGlobalSection
EndGlobal
