
Microsoft Visual Studio Solution File, Format Version 12.00
# Visual Studio Version 16
VisualStudioVersion = 16.0.30804.86
MinimumVisualStudioVersion = 10.0.40219.1
Project("{8BC9CEB8-8B4A-11D0-8D11-00A0C91BC942}") = "remove-nth-node-from-end-of-list", "remove-nth-node-from-end-of-list\remove-nth-node-from-end-of-list.vcxproj", "{A30EB085-AD27-42B7-96D2-B90417377A6B}"
EndProject
Global
	GlobalSection(SolutionConfigurationPlatforms) = preSolution
		Debug|x64 = Debug|x64
		Debug|x86 = Debug|x86
		Release|x64 = Release|x64
		Release|x86 = Release|x86
	EndGlobalSection
	GlobalSection(ProjectConfigurationPlatforms) = postSolution
		{A30EB085-AD27-42B7-96D2-B90417377A6B}.Debug|x64.ActiveCfg = Debug|x64
		{A30EB085-AD27-42B7-96D2-B90417377A6B}.Debug|x64.Build.0 = Debug|x64
		{A30EB085-AD27-42B7-96D2-B90417377A6B}.Debug|x86.ActiveCfg = Debug|Win32
		{A30EB085-AD27-42B7-96D2-B90417377A6B}.Debug|x86.Build.0 = Debug|Win32
		{A30EB085-AD27-42B7-96D2-B90417377A6B}.Release|x64.ActiveCfg = Release|x64
		{A30EB085-AD27-42B7-96D2-B90417377A6B}.Release|x64.Build.0 = Release|x64
		{A30EB085-AD27-42B7-96D2-B90417377A6B}.Release|x86.ActiveCfg = Release|Win32
		{A30EB085-AD27-42B7-96D2-B90417377A6B}.Release|x86.Build.0 = Release|Win32
	EndGlobalSection
	GlobalSection(SolutionProperties) = preSolution
		HideSolutionNode = FALSE
	EndGlobalSection
	GlobalSection(ExtensibilityGlobals) = postSolution
		SolutionGuid = {B9F77572-1219-4303-9F60-4955C0C1E133}
	EndGlobalSection
EndGlobal
